{
    "_meta": {
        "hash": {
            "sha256": "17676c19923b3a819f3ed601b50ef4b2ad10ea509b601923260fb14f15393192"
        },
        "host-environment-markers": {
            "implementation_name": "cpython",
            "implementation_version": "3.5.2",
            "os_name": "posix",
            "platform_machine": "x86_64",
            "platform_python_implementation": "CPython",
            "platform_release": "4.13.0-37-generic",
            "platform_system": "Linux",
            "platform_version": "#42~16.04.1-Ubuntu SMP Wed Mar 7 16:03:28 UTC 2018",
            "python_full_version": "3.5.2",
            "python_version": "3.5",
            "sys_platform": "linux"
        },
        "pipfile-spec": 6,
        "requires": {
            "python_version": "3.5"
        },
        "sources": [
            {
                "name": "pypi",
                "url": "https://pypi.python.org/simple",
                "verify_ssl": true
            }
        ]
    },
    "default": {
        "blessings": {
            "hashes": [
                "sha256:26dbaf2f89c3e6dee11c10f7c0b85756ed75cf602b1bb7935b4efd8ed67a000f",
                "sha256:466e43ff45723b272311de0437649df464b33b4daba7a54c69493212958e19c7",
                "sha256:74919575885552e14bc24a68f8b539690bd1b5629180faa830b1a25b8c7fb6ea"
            ],
            "version": "==1.6.1"
        },
        "inquirer": {
            "hashes": [
                "sha256:e264416f403e9c298cfd9e29033ca59dd772019884e59889b8173460fbc5e84e",
                "sha256:beac3725bc61b2c55bce5ca74e5f048beab5a28b4630f75472563342039ea5db"
            ],
            "version": "==2.2.0"
        },
        "pymysql": {
            "hashes": [
                "sha256:04fa19fad017fdb21394fad2878c1d6bd346959d4fbfd1b66050a09fc636a321",
                "sha256:32da4a66397077d42908e449688f2ec71c2b18892a6cd04f03ab2aa828a70f40"
            ],
            "version": "==0.8.0"
        },
        "readchar": {
            "hashes": [
                "sha256:42195fa187ea91c1674c04fa8ccd2461eae508b0f219b41e97e692cd05d7f9ca",
                "sha256:c3354162894634ff6a29a06a1cd04c92522f32b7bc6c17e247cf3bee27ee914c",
                "sha256:ccae1f094eac3fb5ef6622dd3fbb25fd8b3b4b734ed835a36862b3f6916aa8aa"
            ],
            "version": "==0.7"
        }
    },
    "develop": {}
}
